
Microsoft Visual Studio Solution File, Format Version 12.00
# Visual Studio Version 16
VisualStudioVersion = 16.0.30523.141
MinimumVisualStudioVersion = 10.0.40219.1
Project("{FAE04EC0-301F-11D3-BF4B-00C04F79EFBC}") = "Comercio", "Comercio.csproj", "{26B88AAC-978C-4F9C-B66C-0ABBDAB5CB4D}"
EndProject
Global
	GlobalSection(SolutionConfigurationPlatforms) = preSolution
		Debug|Any CPU = Debug|Any CPU
		Release|Any CPU = Release|Any CPU
	EndGlobalSection
	GlobalSection(ProjectConfigurationPlatforms) = postSolution
		{26B88AAC-978C-4F9C-B66C-0ABBDAB5CB4D}.Debug|Any CPU.ActiveCfg = Debug|Any CPU
		{26B88AAC-978C-4F9C-B66C-0ABBDAB5CB4D}.Debug|Any CPU.Build.0 = Debug|Any CPU
		{26B88AAC-978C-4F9C-B66C-0ABBDAB5CB4D}.Release|Any CPU.ActiveCfg = Release|Any CPU
		{26B88AAC-978C-4F9C-B66C-0ABBDAB5CB4D}.Release|Any CPU.Build.0 = Release|Any CPU
	EndGlobalSection
	GlobalSection(SolutionProperties) = preSolution
		HideSolutionNode = FALSE
	EndGlobalSection
	GlobalSection(ExtensibilityGlobals) = postSolution
		SolutionGuid = {A9DC0530-9D89-4ADF-BAAD-D574F637202C}
	EndGlobalSection
EndGlobal
